// !$*UTF8*$!
{
	archiveVersion = 1;
	classes = {
	};
	objectVersion = 51;
	objects = {

/* Begin PBXBuildFile section */
		0403EFB625B0702000302D33 /* NoteEventTableViewCell.swift in Sources */ = {isa = PBXBuildFile; fileRef = 0403EFB525B0702000302D33 /* NoteEventTableViewCell.swift */; };
		04128BCF25BC5790007DF5CF /* AddNoteEventTableViewCell.swift in Sources */ = {isa = PBXBuildFile; fileRef = 04128BCE25BC5790007DF5CF /* AddNoteEventTableViewCell.swift */; };
		045FFA2525B5A92B005121FF /* CalendarViewController.swift in Sources */ = {isa = PBXBuildFile; fileRef = 045FFA2425B5A92B005121FF /* CalendarViewController.swift */; };
		04848EFE257699F300F2695B /* AppDelegate.swift in Sources */ = {isa = PBXBuildFile; fileRef = 04848EFD257699F300F2695B /* AppDelegate.swift */; };
		04848F02257699F300F2695B /* MainViewController.swift in Sources */ = {isa = PBXBuildFile; fileRef = 04848F01257699F300F2695B /* MainViewController.swift */; };
		04848F05257699F300F2695B /* Main.storyboard in Resources */ = {isa = PBXBuildFile; fileRef = 04848F03257699F300F2695B /* Main.storyboard */; };
		04848F07257699F400F2695B /* Assets.xcassets in Resources */ = {isa = PBXBuildFile; fileRef = 04848F06257699F400F2695B /* Assets.xcassets */; };
		04848F0A257699F400F2695B /* LaunchScreen.storyboard in Resources */ = {isa = PBXBuildFile; fileRef = 04848F08257699F400F2695B /* LaunchScreen.storyboard */; };
		04867697257CA86A00EAAB2E /* SettingViewController.swift in Sources */ = {isa = PBXBuildFile; fileRef = 04867696257CA86A00EAAB2E /* SettingViewController.swift */; };
		04C35E7E2590D0AB0028BF75 /* AddNoteEventViewController.swift in Sources */ = {isa = PBXBuildFile; fileRef = 04C35E7D2590D0AB0028BF75 /* AddNoteEventViewController.swift */; };
		04C35E8125930B010028BF75 /* AddBudgetEventViewController.swift in Sources */ = {isa = PBXBuildFile; fileRef = 04C35E8025930B010028BF75 /* AddBudgetEventViewController.swift */; };
		04C35E852595B10B0028BF75 /* RepeatViewController.swift in Sources */ = {isa = PBXBuildFile; fileRef = 04C35E842595B10B0028BF75 /* RepeatViewController.swift */; };
		04DCF72625B827A300C4D237 /* PagerViewViewController.swift in Sources */ = {isa = PBXBuildFile; fileRef = 04DCF72525B827A300C4D237 /* PagerViewViewController.swift */; };
		F4940163E3D9BE645E81ECA1 /* Pods_CalendarBudget.framework in Frameworks */ = {isa = PBXBuildFile; fileRef = A7E7D3F8A24896EC7DD4C313 /* Pods_CalendarBudget.framework */; };
/* End PBXBuildFile section */

/* Begin PBXFileReference section */
		0403EFB525B0702000302D33 /* NoteEventTableViewCell.swift */ = {isa = PBXFileReference; lastKnownFileType = sourcecode.swift; path = NoteEventTableViewCell.swift; sourceTree = "<group>"; };
		04128BCE25BC5790007DF5CF /* AddNoteEventTableViewCell.swift */ = {isa = PBXFileReference; lastKnownFileType = sourcecode.swift; path = AddNoteEventTableViewCell.swift; sourceTree = "<group>"; };
		045FFA2425B5A92B005121FF /* CalendarViewController.swift */ = {isa = PBXFileReference; lastKnownFileType = sourcecode.swift; path = CalendarViewController.swift; sourceTree = "<group>"; };
		04848EFA257699F300F2695B /* CalendarBudget.app */ = {isa = PBXFileReference; explicitFileType = wrapper.application; includeInIndex = 0; path = CalendarBudget.app; sourceTree = BUILT_PRODUCTS_DIR; };
		04848EFD257699F300F2695B /* AppDelegate.swift */ = {isa = PBXFileReference; lastKnownFileType = sourcecode.swift; path = AppDelegate.swift; sourceTree = "<group>"; };
		04848F01257699F300F2695B /* MainViewController.swift */ = {isa = PBXFileReference; lastKnownFileType = sourcecode.swift; path = MainViewController.swift; sourceTree = "<group>"; };
		04848F04257699F300F2695B /* Base */ = {isa = PBXFileReference; lastKnownFileType = file.storyboard; name = Base; path = Base.lproj/Main.storyboard; sourceTree = "<group>"; };
		04848F06257699F400F2695B /* Assets.xcassets */ = {isa = PBXFileReference; lastKnownFileType = folder.assetcatalog; path = Assets.xcassets; sourceTree = "<group>"; };
		04848F09257699F400F2695B /* Base */ = {isa = PBXFileReference; lastKnownFileType = file.storyboard; name = Base; path = Base.lproj/LaunchScreen.storyboard; sourceTree = "<group>"; };
		04848F0B257699F400F2695B /* Info.plist */ = {isa = PBXFileReference; lastKnownFileType = text.plist.xml; path = Info.plist; sourceTree = "<group>"; };
		04867696257CA86A00EAAB2E /* SettingViewController.swift */ = {isa = PBXFileReference; lastKnownFileType = sourcecode.swift; path = SettingViewController.swift; sourceTree = "<group>"; };
		04C35E7D2590D0AB0028BF75 /* AddNoteEventViewController.swift */ = {isa = PBXFileReference; lastKnownFileType = sourcecode.swift; path = AddNoteEventViewController.swift; sourceTree = "<group>"; };
		04C35E8025930B010028BF75 /* AddBudgetEventViewController.swift */ = {isa = PBXFileReference; lastKnownFileType = sourcecode.swift; path = AddBudgetEventViewController.swift; sourceTree = "<group>"; };
		04C35E842595B10B0028BF75 /* RepeatViewController.swift */ = {isa = PBXFileReference; lastKnownFileType = sourcecode.swift; path = RepeatViewController.swift; sourceTree = "<group>"; };
		04DCF72525B827A300C4D237 /* PagerViewViewController.swift */ = {isa = PBXFileReference; lastKnownFileType = sourcecode.swift; path = PagerViewViewController.swift; sourceTree = "<group>"; };
		1471A090A6C45F11F6F61EA9 /* Pods-CalendarBudget.debug.xcconfig */ = {isa = PBXFileReference; includeInIndex = 1; lastKnownFileType = text.xcconfig; name = "Pods-CalendarBudget.debug.xcconfig"; path = "Target Support Files/Pods-CalendarBudget/Pods-CalendarBudget.debug.xcconfig"; sourceTree = "<group>"; };
		A7E7D3F8A24896EC7DD4C313 /* Pods_CalendarBudget.framework */ = {isa = PBXFileReference; explicitFileType = wrapper.framework; includeInIndex = 0; path = Pods_CalendarBudget.framework; sourceTree = BUILT_PRODUCTS_DIR; };
		B7C687BCDCDCFFB9EF46F106 /* Pods-CalendarBudget.release.xcconfig */ = {isa = PBXFileReference; includeInIndex = 1; lastKnownFileType = text.xcconfig; name = "Pods-CalendarBudget.release.xcconfig"; path = "Target Support Files/Pods-CalendarBudget/Pods-CalendarBudget.release.xcconfig"; sourceTree = "<group>"; };
/* End PBXFileReference section */

/* Begin PBXFrameworksBuildPhase section */
		04848EF7257699F300F2695B /* Frameworks */ = {
			isa = PBXFrameworksBuildPhase;
			buildActionMask = 2147483647;
			files = (
				F4940163E3D9BE645E81ECA1 /* Pods_CalendarBudget.framework in Frameworks */,
			);
			runOnlyForDeploymentPostprocessing = 0;
		};
/* End PBXFrameworksBuildPhase section */

/* Begin PBXGroup section */
		0403EFB825B0740100302D33 /* Cell */ = {
			isa = PBXGroup;
			children = (
				0403EFB525B0702000302D33 /* NoteEventTableViewCell.swift */,
				04128BCE25BC5790007DF5CF /* AddNoteEventTableViewCell.swift */,
			);
			path = Cell;
			sourceTree = "<group>";
		};
		0403EFB925B0740C00302D33 /* ViewController */ = {
			isa = PBXGroup;
			children = (
				04848F01257699F300F2695B /* MainViewController.swift */,
				045FFA2425B5A92B005121FF /* CalendarViewController.swift */,
				04DCF72525B827A300C4D237 /* PagerViewViewController.swift */,
				04C35E7D2590D0AB0028BF75 /* AddNoteEventViewController.swift */,
				04C35E842595B10B0028BF75 /* RepeatViewController.swift */,
				04C35E8025930B010028BF75 /* AddBudgetEventViewController.swift */,
				04867696257CA86A00EAAB2E /* SettingViewController.swift */,
			);
			path = ViewController;
			sourceTree = "<group>";
		};
		04848EF1257699F200F2695B = {
			isa = PBXGroup;
			children = (
				04848EFC257699F300F2695B /* CalendarBudget */,
				04848EFB257699F300F2695B /* Products */,
				08FA029423976B3238F81136 /* Pods */,
				0D0F9E0AC009DAD4B43E4DF6 /* Frameworks */,
			);
			sourceTree = "<group>";
		};
		04848EFB257699F300F2695B /* Products */ = {
			isa = PBXGroup;
			children = (
				04848EFA257699F300F2695B /* CalendarBudget.app */,
			);
			name = Products;
			sourceTree = "<group>";
		};
		04848EFC257699F300F2695B /* CalendarBudget */ = {
			isa = PBXGroup;
			children = (
				0403EFB925B0740C00302D33 /* ViewController */,
				0403EFB825B0740100302D33 /* Cell */,
				04848EFD257699F300F2695B /* AppDelegate.swift */,
				04848F03257699F300F2695B /* Main.storyboard */,
				04848F06257699F400F2695B /* Assets.xcassets */,
				04848F08257699F400F2695B /* LaunchScreen.storyboard */,
				04848F0B257699F400F2695B /* Info.plist */,
			);
			path = CalendarBudget;
			sourceTree = "<group>";
		};
		08FA029423976B3238F81136 /* Pods */ = {
			isa = PBXGroup;
			children = (
				1471A090A6C45F11F6F61EA9 /* Pods-CalendarBudget.debug.xcconfig */,
				B7C687BCDCDCFFB9EF46F106 /* Pods-CalendarBudget.release.xcconfig */,
			);
			path = Pods;
			sourceTree = "<group>";
		};
		0D0F9E0AC009DAD4B43E4DF6 /* Frameworks */ = {
			isa = PBXGroup;
			children = (
				A7E7D3F8A24896EC7DD4C313 /* Pods_CalendarBudget.framework */,
			);
			name = Frameworks;
			sourceTree = "<group>";
		};
/* End PBXGroup section */

/* Begin PBXNativeTarget section */
		04848EF9257699F300F2695B /* CalendarBudget */ = {
			isa = PBXNativeTarget;
			buildConfigurationList = 04848F0E257699F400F2695B /* Build configuration list for PBXNativeTarget "CalendarBudget" */;
			buildPhases = (
				BCBE6A3060FBA46E09FE4E67 /* [CP] Check Pods Manifest.lock */,
				04848EF6257699F300F2695B /* Sources */,
				04848EF7257699F300F2695B /* Frameworks */,
				04848EF8257699F300F2695B /* Resources */,
				F6157F709F261D896FA93CE5 /* [CP] Embed Pods Frameworks */,
			);
			buildRules = (
			);
			dependencies = (
			);
			name = CalendarBudget;
			productName = CalendarBudget;
			productReference = 04848EFA257699F300F2695B /* CalendarBudget.app */;
			productType = "com.apple.product-type.application";
		};
/* End PBXNativeTarget section */

/* Begin PBXProject section */
		04848EF2257699F200F2695B /* Project object */ = {
			isa = PBXProject;
			attributes = {
				LastSwiftUpdateCheck = 1210;
				LastUpgradeCheck = 1210;
				TargetAttributes = {
					04848EF9257699F300F2695B = {
						CreatedOnToolsVersion = 12.1;
					};
				};
			};
			buildConfigurationList = 04848EF5257699F200F2695B /* Build configuration list for PBXProject "CalendarBudget" */;
			compatibilityVersion = "Xcode 9.3";
			developmentRegion = en;
			hasScannedForEncodings = 0;
			knownRegions = (
				en,
				Base,
			);
			mainGroup = 04848EF1257699F200F2695B;
			productRefGroup = 04848EFB257699F300F2695B /* Products */;
			projectDirPath = "";
			projectRoot = "";
			targets = (
				04848EF9257699F300F2695B /* CalendarBudget */,
			);
		};
/* End PBXProject section */

/* Begin PBXResourcesBuildPhase section */
		04848EF8257699F300F2695B /* Resources */ = {
			isa = PBXResourcesBuildPhase;
			buildActionMask = 2147483647;
			files = (
				04848F0A257699F400F2695B /* LaunchScreen.storyboard in Resources */,
				04848F07257699F400F2695B /* Assets.xcassets in Resources */,
				04848F05257699F300F2695B /* Main.storyboard in Resources */,
			);
			runOnlyForDeploymentPostprocessing = 0;
		};
/* End PBXResourcesBuildPhase section */

/* Begin PBXShellScriptBuildPhase section */
		BCBE6A3060FBA46E09FE4E67 /* [CP] Check Pods Manifest.lock */ = {
			isa = PBXShellScriptBuildPhase;
			buildActionMask = 2147483647;
			files = (
			);
			inputFileListPaths = (
			);
			inputPaths = (
				"${PODS_PODFILE_DIR_PATH}/Podfile.lock",
				"${PODS_ROOT}/Manifest.lock",
			);
			name = "[CP] Check Pods Manifest.lock";
			outputFileListPaths = (
			);
			outputPaths = (
				"$(DERIVED_FILE_DIR)/Pods-CalendarBudget-checkManifestLockResult.txt",
			);
			runOnlyForDeploymentPostprocessing = 0;
			shellPath = /bin/sh;
			shellScript = "diff \"${PODS_PODFILE_DIR_PATH}/Podfile.lock\" \"${PODS_ROOT}/Manifest.lock\" > /dev/null\nif [ $? != 0 ] ; then\n    # print error to STDERR\n    echo \"error: The sandbox is not in sync with the Podfile.lock. Run 'pod install' or update your CocoaPods installation.\" >&2\n    exit 1\nfi\n# This output is used by Xcode 'outputs' to avoid re-running this script phase.\necho \"SUCCESS\" > \"${SCRIPT_OUTPUT_FILE_0}\"\n";
			showEnvVarsInLog = 0;
		};
		F6157F709F261D896FA93CE5 /* [CP] Embed Pods Frameworks */ = {
			isa = PBXShellScriptBuildPhase;
			buildActionMask = 2147483647;
			files = (
			);
			inputFileListPaths = (
				"${PODS_ROOT}/Target Support Files/Pods-CalendarBudget/Pods-CalendarBudget-frameworks-${CONFIGURATION}-input-files.xcfilelist",
			);
			name = "[CP] Embed Pods Frameworks";
			outputFileListPaths = (
				"${PODS_ROOT}/Target Support Files/Pods-CalendarBudget/Pods-CalendarBudget-frameworks-${CONFIGURATION}-output-files.xcfilelist",
			);
			runOnlyForDeploymentPostprocessing = 0;
			shellPath = /bin/sh;
			shellScript = "\"${PODS_ROOT}/Target Support Files/Pods-CalendarBudget/Pods-CalendarBudget-frameworks.sh\"\n";
			showEnvVarsInLog = 0;
		};
/* End PBXShellScriptBuildPhase section */

/* Begin PBXSourcesBuildPhase section */
		04848EF6257699F300F2695B /* Sources */ = {
			isa = PBXSourcesBuildPhase;
			buildActionMask = 2147483647;
			files = (
				045FFA2525B5A92B005121FF /* CalendarViewController.swift in Sources */,
				04848F02257699F300F2695B /* MainViewController.swift in Sources */,
				04128BCF25BC5790007DF5CF /* AddNoteEventTableViewCell.swift in Sources */,
				04867697257CA86A00EAAB2E /* SettingViewController.swift in Sources */,
				0403EFB625B0702000302D33 /* NoteEventTableViewCell.swift in Sources */,
				04C35E7E2590D0AB0028BF75 /* AddNoteEventViewController.swift in Sources */,
				04DCF72625B827A300C4D237 /* PagerViewViewController.swift in Sources */,
				04C35E8125930B010028BF75 /* AddBudgetEventViewController.swift in Sources */,
				04848EFE257699F300F2695B /* AppDelegate.swift in Sources */,
				04C35E852595B10B0028BF75 /* RepeatViewController.swift in Sources */,
			);
			runOnlyForDeploymentPostprocessing = 0;
		};
/* End PBXSourcesBuildPhase section */

/* Begin PBXVariantGroup section */
		04848F03257699F300F2695B /* Main.storyboard */ = {
			isa = PBXVariantGroup;
			children = (
				04848F04257699F300F2695B /* Base */,
			);
			name = Main.storyboard;
			sourceTree = "<group>";
		};
		04848F08257699F400F2695B /* LaunchScreen.storyboard */ = {
			isa = PBXVariantGroup;
			children = (
				04848F09257699F400F2695B /* Base */,
			);
			name = LaunchScreen.storyboard;
			sourceTree = "<group>";
		};
/* End PBXVariantGroup section */

/* Begin XCBuildConfiguration section */
		04848F0C257699F400F2695B /* Debug */ = {
			isa = XCBuildConfiguration;
			buildSettings = {
				ALWAYS_SEARCH_USER_PATHS = NO;
				CLANG_ANALYZER_NONNULL = YES;
				CLANG_ANALYZER_NUMBER_OBJECT_CONVERSION = YES_AGGRESSIVE;
				CLANG_CXX_LANGUAGE_STANDARD = "gnu++14";
				CLANG_CXX_LIBRARY = "libc++";
				CLANG_ENABLE_MODULES = YES;
				CLANG_ENABLE_OBJC_ARC = YES;
				CLANG_ENABLE_OBJC_WEAK = YES;
				CLANG_WARN_BLOCK_CAPTURE_AUTORELEASING = YES;
				CLANG_WARN_BOOL_CONVERSION = YES;
				CLANG_WARN_COMMA = YES;
				CLANG_WARN_CONSTANT_CONVERSION = YES;
				CLANG_WARN_DEPRECATED_OBJC_IMPLEMENTATIONS = YES;
				CLANG_WARN_DIRECT_OBJC_ISA_USAGE = YES_ERROR;
				CLANG_WARN_DOCUMENTATION_COMMENTS = YES;
				CLANG_WARN_EMPTY_BODY = YES;
				CLANG_WARN_ENUM_CONVERSION = YES;
				CLANG_WARN_INFINITE_RECURSION = YES;
				CLANG_WARN_INT_CONVERSION = YES;
				CLANG_WARN_NON_LITERAL_NULL_CONVERSION = YES;
				CLANG_WARN_OBJC_IMPLICIT_RETAIN_SELF = YES;
				CLANG_WARN_OBJC_LITERAL_CONVERSION = YES;
				CLANG_WARN_OBJC_ROOT_CLASS = YES_ERROR;
				CLANG_WARN_QUOTED_INCLUDE_IN_FRAMEWORK_HEADER = YES;
				CLANG_WARN_RANGE_LOOP_ANALYSIS = YES;
				CLANG_WARN_STRICT_PROTOTYPES = YES;
				CLANG_WARN_SUSPICIOUS_MOVE = YES;
				CLANG_WARN_UNGUARDED_AVAILABILITY = YES_AGGRESSIVE;
				CLANG_WARN_UNREACHABLE_CODE = YES;
				CLANG_WARN__DUPLICATE_METHOD_MATCH = YES;
				COPY_PHASE_STRIP = NO;
				DEBUG_INFORMATION_FORMAT = dwarf;
				ENABLE_STRICT_OBJC_MSGSEND = YES;
				ENABLE_TESTABILITY = YES;
				GCC_C_LANGUAGE_STANDARD = gnu11;
				GCC_DYNAMIC_NO_PIC = NO;
				GCC_NO_COMMON_BLOCKS = YES;
				GCC_OPTIMIZATION_LEVEL = 0;
				GCC_PREPROCESSOR_DEFINITIONS = (
					"DEBUG=1",
					"$(inherited)",
				);
				GCC_WARN_64_TO_32_BIT_CONVERSION = YES;
				GCC_WARN_ABOUT_RETURN_TYPE = YES_ERROR;
				GCC_WARN_UNDECLARED_SELECTOR = YES;
				GCC_WARN_UNINITIALIZED_AUTOS = YES_AGGRESSIVE;
				GCC_WARN_UNUSED_FUNCTION = YES;
				GCC_WARN_UNUSED_VARIABLE = YES;
				IPHONEOS_DEPLOYMENT_TARGET = 14.1;
				MTL_ENABLE_DEBUG_INFO = INCLUDE_SOURCE;
				MTL_FAST_MATH = YES;
				ONLY_ACTIVE_ARCH = YES;
				SDKROOT = iphoneos;
				SWIFT_ACTIVE_COMPILATION_CONDITIONS = DEBUG;
				SWIFT_OPTIMIZATION_LEVEL = "-Onone";
			};
			name = Debug;
		};
		04848F0D257699F400F2695B /* Release */ = {
			isa = XCBuildConfiguration;
			buildSettings = {
				ALWAYS_SEARCH_USER_PATHS = NO;
				CLANG_ANALYZER_NONNULL = YES;
				CLANG_ANALYZER_NUMBER_OBJECT_CONVERSION = YES_AGGRESSIVE;
				CLANG_CXX_LANGUAGE_STANDARD = "gnu++14";
				CLANG_CXX_LIBRARY = "libc++";
				CLANG_ENABLE_MODULES = YES;
				CLANG_ENABLE_OBJC_ARC = YES;
				CLANG_ENABLE_OBJC_WEAK = YES;
				CLANG_WARN_BLOCK_CAPTURE_AUTORELEASING = YES;
				CLANG_WARN_BOOL_CONVERSION = YES;
				CLANG_WARN_COMMA = YES;
				CLANG_WARN_CONSTANT_CONVERSION = YES;
				CLANG_WARN_DEPRECATED_OBJC_IMPLEMENTATIONS = YES;
				CLANG_WARN_DIRECT_OBJC_ISA_USAGE = YES_ERROR;
				CLANG_WARN_DOCUMENTATION_COMMENTS = YES;
				CLANG_WARN_EMPTY_BODY = YES;
				CLANG_WARN_ENUM_CONVERSION = YES;
				CLANG_WARN_INFINITE_RECURSION = YES;
				CLANG_WARN_INT_CONVERSION = YES;
				CLANG_WARN_NON_LITERAL_NULL_CONVERSION = YES;
				CLANG_WARN_OBJC_IMPLICIT_RETAIN_SELF = YES;
				CLANG_WARN_OBJC_LITERAL_CONVERSION = YES;
				CLANG_WARN_OBJC_ROOT_CLASS = YES_ERROR;
				CLANG_WARN_QUOTED_INCLUDE_IN_FRAMEWORK_HEADER = YES;
				CLANG_WARN_RANGE_LOOP_ANALYSIS = YES;
				CLANG_WARN_STRICT_PROTOTYPES = YES;
				CLANG_WARN_SUSPICIOUS_MOVE = YES;
				CLANG_WARN_UNGUARDED_AVAILABILITY = YES_AGGRESSIVE;
				CLANG_WARN_UNREACHABLE_CODE = YES;
				CLANG_WARN__DUPLICATE_METHOD_MATCH = YES;
				COPY_PHASE_STRIP = NO;
				DEBUG_INFORMATION_FORMAT = "dwarf-with-dsym";
				ENABLE_NS_ASSERTIONS = NO;
				ENABLE_STRICT_OBJC_MSGSEND = YES;
				GCC_C_LANGUAGE_STANDARD = gnu11;
				GCC_NO_COMMON_BLOCKS = YES;
				GCC_WARN_64_TO_32_BIT_CONVERSION = YES;
				GCC_WARN_ABOUT_RETURN_TYPE = YES_ERROR;
				GCC_WARN_UNDECLARED_SELECTOR = YES;
				GCC_WARN_UNINITIALIZED_AUTOS = YES_AGGRESSIVE;
				GCC_WARN_UNUSED_FUNCTION = YES;
				GCC_WARN_UNUSED_VARIABLE = YES;
				IPHONEOS_DEPLOYMENT_TARGET = 14.1;
				MTL_ENABLE_DEBUG_INFO = NO;
				MTL_FAST_MATH = YES;
				SDKROOT = iphoneos;
				SWIFT_COMPILATION_MODE = wholemodule;
				SWIFT_OPTIMIZATION_LEVEL = "-O";
				VALIDATE_PRODUCT = YES;
			};
			name = Release;
		};
		04848F0F257699F400F2695B /* Debug */ = {
			isa = XCBuildConfiguration;
			baseConfigurationReference = 1471A090A6C45F11F6F61EA9 /* Pods-CalendarBudget.debug.xcconfig */;
			buildSettings = {
				ASSETCATALOG_COMPILER_APPICON_NAME = AppIcon;
				ASSETCATALOG_COMPILER_GLOBAL_ACCENT_COLOR_NAME = AccentColor;
				CODE_SIGN_STYLE = Automatic;
				DEVELOPMENT_TEAM = L9M7QA5C39;
				INFOPLIST_FILE = CalendarBudget/Info.plist;
				IPHONEOS_DEPLOYMENT_TARGET = 12.0;
				LD_RUNPATH_SEARCH_PATHS = (
					"$(inherited)",
					"@executable_path/Frameworks",
				);
				PRODUCT_BUNDLE_IDENTIFIER = eray.company.calerdarbudget.CalendarBudget;
				PRODUCT_NAME = "$(TARGET_NAME)";
				SWIFT_VERSION = 5.0;
				TARGETED_DEVICE_FAMILY = "1,2";
			};
			name = Debug;
		};
		04848F10257699F400F2695B /* Release */ = {
			isa = XCBuildConfiguration;
			baseConfigurationReference = B7C687BCDCDCFFB9EF46F106 /* Pods-CalendarBudget.release.xcconfig */;
			buildSettings = {
				ASSETCATALOG_COMPILER_APPICON_NAME = AppIcon;
				ASSETCATALOG_COMPILER_GLOBAL_ACCENT_COLOR_NAME = AccentColor;
				CODE_SIGN_STYLE = Automatic;
				DEVELOPMENT_TEAM = L9M7QA5C39;
				INFOPLIST_FILE = CalendarBudget/Info.plist;
				IPHONEOS_DEPLOYMENT_TARGET = 12.0;
				LD_RUNPATH_SEARCH_PATHS = (
					"$(inherited)",
					"@executable_path/Frameworks",
				);
				PRODUCT_BUNDLE_IDENTIFIER = eray.company.calerdarbudget.CalendarBudget;
				PRODUCT_NAME = "$(TARGET_NAME)";
				SWIFT_VERSION = 5.0;
				TARGETED_DEVICE_FAMILY = "1,2";
			};
			name = Release;
		};
/* End XCBuildConfiguration section */

/* Begin XCConfigurationList section */
		04848EF5257699F200F2695B /* Build configuration list for PBXProject "CalendarBudget" */ = {
			isa = XCConfigurationList;
			buildConfigurations = (
				04848F0C257699F400F2695B /* Debug */,
				04848F0D257699F400F2695B /* Release */,
			);
			defaultConfigurationIsVisible = 0;
			defaultConfigurationName = Release;
		};
		04848F0E257699F400F2695B /* Build configuration list for PBXNativeTarget "CalendarBudget" */ = {
			isa = XCConfigurationList;
			buildConfigurations = (
				04848F0F257699F400F2695B /* Debug */,
				04848F10257699F400F2695B /* Release */,
			);
			defaultConfigurationIsVisible = 0;
			defaultConfigurationName = Release;
		};
/* End XCConfigurationList section */
	};
	rootObject = 04848EF2257699F200F2695B /* Project object */;
}
